// !$*UTF8*$!
{
	archiveVersion = 1;
	classes = {
	};
	objectVersion = 46;
	objects = {

/* Begin PBXBuildFile section */
		DD30156A153BC5E800290164 /* AppConstant.m in Sources */ = {isa = PBXBuildFile; fileRef = DD301569153BC5E800290164 /* AppConstant.m */; };
		DD301575153C53F500290164 /* TradeCell.xib in Resources */ = {isa = PBXBuildFile; fileRef = DD301574153C53F500290164 /* TradeCell.xib */; };
		DD301578153C542E00290164 /* TradeCell.m in Sources */ = {isa = PBXBuildFile; fileRef = DD301577153C542E00290164 /* TradeCell.m */; };
		DD30157B153C5D2400290164 /* OrderCell.m in Sources */ = {isa = PBXBuildFile; fileRef = DD30157A153C5D2400290164 /* OrderCell.m */; };
		DD30157D153C5D3700290164 /* OrderCell.xib in Resources */ = {isa = PBXBuildFile; fileRef = DD30157C153C5D3700290164 /* OrderCell.xib */; };
		DD30157F153C637300290164 /* ItemCell.xib in Resources */ = {isa = PBXBuildFile; fileRef = DD30157E153C637200290164 /* ItemCell.xib */; };
		DD301582153C638E00290164 /* ItemCell.m in Sources */ = {isa = PBXBuildFile; fileRef = DD301581153C638D00290164 /* ItemCell.m */; };
		DD301586153D0C2C00290164 /* DateHelper.m in Sources */ = {isa = PBXBuildFile; fileRef = DD301585153D0C2A00290164 /* DateHelper.m */; };
		DD30158A153D35DF00290164 /* EditController.m in Sources */ = {isa = PBXBuildFile; fileRef = DD301588153D35D900290164 /* EditController.m */; };
		DD30158B153D35DF00290164 /* EditController.xib in Resources */ = {isa = PBXBuildFile; fileRef = DD301589153D35DC00290164 /* EditController.xib */; };
		DD5D102D1537100F00B7F0EB /* ClothViewController.m in Sources */ = {isa = PBXBuildFile; fileRef = DD5D102C1537100E00B7F0EB /* ClothViewController.m */; };
		DD5D1038153726CF00B7F0EB /* DetailViewController.m in Sources */ = {isa = PBXBuildFile; fileRef = DD5D1037153726CF00B7F0EB /* DetailViewController.m */; };
		DD5D105F1537C5A900B7F0EB /* DateSelController.m in Sources */ = {isa = PBXBuildFile; fileRef = DD5D105E1537C5A900B7F0EB /* DateSelController.m */; };
		DD5D10661537DA1800B7F0EB /* TopData.m in Sources */ = {isa = PBXBuildFile; fileRef = DD5D10631537DA1800B7F0EB /* TopData.m */; };
		DD5D10671537DA1800B7F0EB /* Utility.m in Sources */ = {isa = PBXBuildFile; fileRef = DD5D10651537DA1800B7F0EB /* Utility.m */; };
		DD5D106A1537DA8100B7F0EB /* TopItemModel.m in Sources */ = {isa = PBXBuildFile; fileRef = DD5D10691537DA8100B7F0EB /* TopItemModel.m */; };
		DD5D106D1537DA9C00B7F0EB /* TopTradeModel.m in Sources */ = {isa = PBXBuildFile; fileRef = DD5D106C1537DA9C00B7F0EB /* TopTradeModel.m */; };
		DD5D10701537DAB300B7F0EB /* TopOrderModel.m in Sources */ = {isa = PBXBuildFile; fileRef = DD5D106F1537DAB300B7F0EB /* TopOrderModel.m */; };
		DD5D10771538599A00B7F0EB /* TopSessionController.m in Sources */ = {isa = PBXBuildFile; fileRef = DD5D10761538599900B7F0EB /* TopSessionController.m */; };
		DD5D10811538660000B7F0EB /* SystemConfiguration.framework in Frameworks */ = {isa = PBXBuildFile; fileRef = DD5D10801538660000B7F0EB /* SystemConfiguration.framework */; };
		DD5D10841538662900B7F0EB /* QuartzCore.framework in Frameworks */ = {isa = PBXBuildFile; fileRef = DD5D10831538662900B7F0EB /* QuartzCore.framework */; };
		DD5D1087153AFC4A00B7F0EB /* DataBase.m in Sources */ = {isa = PBXBuildFile; fileRef = DD5D1086153AFC4900B7F0EB /* DataBase.m */; };
		DD5D1089153AFCD500B7F0EB /* libsqlite3.0.dylib in Frameworks */ = {isa = PBXBuildFile; fileRef = DD5D1088153AFCD500B7F0EB /* libsqlite3.0.dylib */; };
		DD5D109E153B89CF00B7F0EB /* FMDatabase.m in Sources */ = {isa = PBXBuildFile; fileRef = DD5D1092153B89CF00B7F0EB /* FMDatabase.m */; };
		DD5D109F153B89CF00B7F0EB /* FMDatabaseAdditions.m in Sources */ = {isa = PBXBuildFile; fileRef = DD5D1094153B89CF00B7F0EB /* FMDatabaseAdditions.m */; };
		DD5D10A0153B89CF00B7F0EB /* FMDatabasePool.m in Sources */ = {isa = PBXBuildFile; fileRef = DD5D1096153B89CF00B7F0EB /* FMDatabasePool.m */; };
		DD5D10A1153B89CF00B7F0EB /* FMDatabaseQueue.m in Sources */ = {isa = PBXBuildFile; fileRef = DD5D1098153B89CF00B7F0EB /* FMDatabaseQueue.m */; };
		DD5D10A3153B89CF00B7F0EB /* FMResultSet.m in Sources */ = {isa = PBXBuildFile; fileRef = DD5D109B153B89CF00B7F0EB /* FMResultSet.m */; };
		DD5D10A6153B936000B7F0EB /* verydata.sqlite in Resources */ = {isa = PBXBuildFile; fileRef = DD5D10A5153B935F00B7F0EB /* verydata.sqlite */; };
		DDD272151536DF7100892FDA /* UIKit.framework in Frameworks */ = {isa = PBXBuildFile; fileRef = DDD272141536DF7100892FDA /* UIKit.framework */; };
		DDD272171536DF7100892FDA /* Foundation.framework in Frameworks */ = {isa = PBXBuildFile; fileRef = DDD272161536DF7100892FDA /* Foundation.framework */; };
		DDD272191536DF7100892FDA /* CoreGraphics.framework in Frameworks */ = {isa = PBXBuildFile; fileRef = DDD272181536DF7100892FDA /* CoreGraphics.framework */; };
		DDD2721F1536DF7100892FDA /* InfoPlist.strings in Resources */ = {isa = PBXBuildFile; fileRef = DDD2721D1536DF7100892FDA /* InfoPlist.strings */; };
		DDD272211536DF7100892FDA /* main.m in Sources */ = {isa = PBXBuildFile; fileRef = DDD272201536DF7100892FDA /* main.m */; };
		DDD272251536DF7100892FDA /* AppDelegate.m in Sources */ = {isa = PBXBuildFile; fileRef = DDD272241536DF7100892FDA /* AppDelegate.m */; };
		DDD272281536DF7100892FDA /* MainStoryboard.storyboard in Resources */ = {isa = PBXBuildFile; fileRef = DDD272261536DF7100892FDA /* MainStoryboard.storyboard */; };
		DDD2722B1536DF7100892FDA /* MasterViewController.m in Sources */ = {isa = PBXBuildFile; fileRef = DDD2722A1536DF7100892FDA /* MasterViewController.m */; };
		DDD2722E1536DF7100892FDA /* OrderViewController.m in Sources */ = {isa = PBXBuildFile; fileRef = DDD2722D1536DF7100892FDA /* OrderViewController.m */; };
/* End PBXBuildFile section */

/* Begin PBXFileReference section */
		DD301568153BC5E800290164 /* AppConstant.h */ = {isa = PBXFileReference; fileEncoding = 4; lastKnownFileType = sourcecode.c.h; path = AppConstant.h; sourceTree = "<group>"; };
		DD301569153BC5E800290164 /* AppConstant.m */ = {isa = PBXFileReference; fileEncoding = 4; lastKnownFileType = sourcecode.c.objc; path = AppConstant.m; sourceTree = "<group>"; };
		DD301574153C53F500290164 /* TradeCell.xib */ = {isa = PBXFileReference; fileEncoding = 4; lastKnownFileType = file.xib; path = TradeCell.xib; sourceTree = "<group>"; };
		DD301576153C542E00290164 /* TradeCell.h */ = {isa = PBXFileReference; fileEncoding = 4; lastKnownFileType = sourcecode.c.h; path = TradeCell.h; sourceTree = "<group>"; };
		DD301577153C542E00290164 /* TradeCell.m */ = {isa = PBXFileReference; fileEncoding = 4; lastKnownFileType = sourcecode.c.objc; path = TradeCell.m; sourceTree = "<group>"; };
		DD301579153C5D2400290164 /* OrderCell.h */ = {isa = PBXFileReference; fileEncoding = 4; lastKnownFileType = sourcecode.c.h; path = OrderCell.h; sourceTree = "<group>"; };
		DD30157A153C5D2400290164 /* OrderCell.m */ = {isa = PBXFileReference; fileEncoding = 4; lastKnownFileType = sourcecode.c.objc; path = OrderCell.m; sourceTree = "<group>"; };
		DD30157C153C5D3700290164 /* OrderCell.xib */ = {isa = PBXFileReference; fileEncoding = 4; lastKnownFileType = file.xib; path = OrderCell.xib; sourceTree = "<group>"; };
		DD30157E153C637200290164 /* ItemCell.xib */ = {isa = PBXFileReference; fileEncoding = 4; lastKnownFileType = file.xib; path = ItemCell.xib; sourceTree = "<group>"; };
		DD301580153C638D00290164 /* ItemCell.h */ = {isa = PBXFileReference; fileEncoding = 4; lastKnownFileType = sourcecode.c.h; path = ItemCell.h; sourceTree = "<group>"; };
		DD301581153C638D00290164 /* ItemCell.m */ = {isa = PBXFileReference; fileEncoding = 4; lastKnownFileType = sourcecode.c.objc; path = ItemCell.m; sourceTree = "<group>"; };
		DD301584153D0C2800290164 /* DateHelper.h */ = {isa = PBXFileReference; fileEncoding = 4; lastKnownFileType = sourcecode.c.h; path = DateHelper.h; sourceTree = "<group>"; };
		DD301585153D0C2A00290164 /* DateHelper.m */ = {isa = PBXFileReference; fileEncoding = 4; lastKnownFileType = sourcecode.c.objc; path = DateHelper.m; sourceTree = "<group>"; };
		DD301587153D35D700290164 /* EditController.h */ = {isa = PBXFileReference; fileEncoding = 4; lastKnownFileType = sourcecode.c.h; path = EditController.h; sourceTree = "<group>"; };
		DD301588153D35D900290164 /* EditController.m */ = {isa = PBXFileReference; fileEncoding = 4; lastKnownFileType = sourcecode.c.objc; path = EditController.m; sourceTree = "<group>"; };
		DD301589153D35DC00290164 /* EditController.xib */ = {isa = PBXFileReference; fileEncoding = 4; lastKnownFileType = file.xib; path = EditController.xib; sourceTree = "<group>"; };
		DD5D102B1537100E00B7F0EB /* ClothViewController.h */ = {isa = PBXFileReference; fileEncoding = 4; lastKnownFileType = sourcecode.c.h; path = ClothViewController.h; sourceTree = "<group>"; };
		DD5D102C1537100E00B7F0EB /* ClothViewController.m */ = {isa = PBXFileReference; fileEncoding = 4; lastKnownFileType = sourcecode.c.objc; path = ClothViewController.m; sourceTree = "<group>"; };
		DD5D1036153726CF00B7F0EB /* DetailViewController.h */ = {isa = PBXFileReference; fileEncoding = 4; lastKnownFileType = sourcecode.c.h; path = DetailViewController.h; sourceTree = "<group>"; };
		DD5D1037153726CF00B7F0EB /* DetailViewController.m */ = {isa = PBXFileReference; fileEncoding = 4; lastKnownFileType = sourcecode.c.objc; path = DetailViewController.m; sourceTree = "<group>"; };
		DD5D105D1537C5A800B7F0EB /* DateSelController.h */ = {isa = PBXFileReference; fileEncoding = 4; lastKnownFileType = sourcecode.c.h; path = DateSelController.h; sourceTree = "<group>"; };
		DD5D105E1537C5A900B7F0EB /* DateSelController.m */ = {isa = PBXFileReference; fileEncoding = 4; lastKnownFileType = sourcecode.c.objc; path = DateSelController.m; sourceTree = "<group>"; };
		DD5D10611537DA1800B7F0EB /* Constants.h */ = {isa = PBXFileReference; fileEncoding = 4; lastKnownFileType = sourcecode.c.h; path = Constants.h; sourceTree = "<group>"; };
		DD5D10621537DA1800B7F0EB /* TopData.h */ = {isa = PBXFileReference; fileEncoding = 4; lastKnownFileType = sourcecode.c.h; path = TopData.h; sourceTree = "<group>"; };
		DD5D10631537DA1800B7F0EB /* TopData.m */ = {isa = PBXFileReference; fileEncoding = 4; lastKnownFileType = sourcecode.c.objc; path = TopData.m; sourceTree = "<group>"; };
		DD5D10641537DA1800B7F0EB /* Utility.h */ = {isa = PBXFileReference; fileEncoding = 4; lastKnownFileType = sourcecode.c.h; path = Utility.h; sourceTree = "<group>"; };
		DD5D10651537DA1800B7F0EB /* Utility.m */ = {isa = PBXFileReference; fileEncoding = 4; lastKnownFileType = sourcecode.c.objc; path = Utility.m; sourceTree = "<group>"; };
		DD5D10681537DA8100B7F0EB /* TopItemModel.h */ = {isa = PBXFileReference; fileEncoding = 4; lastKnownFileType = sourcecode.c.h; path = TopItemModel.h; sourceTree = "<group>"; };
		DD5D10691537DA8100B7F0EB /* TopItemModel.m */ = {isa = PBXFileReference; fileEncoding = 4; lastKnownFileType = sourcecode.c.objc; path = TopItemModel.m; sourceTree = "<group>"; };
		DD5D106B1537DA9C00B7F0EB /* TopTradeModel.h */ = {isa = PBXFileReference; fileEncoding = 4; lastKnownFileType = sourcecode.c.h; path = TopTradeModel.h; sourceTree = "<group>"; };
		DD5D106C1537DA9C00B7F0EB /* TopTradeModel.m */ = {isa = PBXFileReference; fileEncoding = 4; lastKnownFileType = sourcecode.c.objc; path = TopTradeModel.m; sourceTree = "<group>"; };
		DD5D106E1537DAB300B7F0EB /* TopOrderModel.h */ = {isa = PBXFileReference; fileEncoding = 4; lastKnownFileType = sourcecode.c.h; path = TopOrderModel.h; sourceTree = "<group>"; };
		DD5D106F1537DAB300B7F0EB /* TopOrderModel.m */ = {isa = PBXFileReference; fileEncoding = 4; lastKnownFileType = sourcecode.c.objc; path = TopOrderModel.m; sourceTree = "<group>"; };
		DD5D10751538599800B7F0EB /* TopSessionController.h */ = {isa = PBXFileReference; fileEncoding = 4; lastKnownFileType = sourcecode.c.h; path = TopSessionController.h; sourceTree = "<group>"; };
		DD5D10761538599900B7F0EB /* TopSessionController.m */ = {isa = PBXFileReference; fileEncoding = 4; lastKnownFileType = sourcecode.c.objc; path = TopSessionController.m; sourceTree = "<group>"; };
		DD5D10801538660000B7F0EB /* SystemConfiguration.framework */ = {isa = PBXFileReference; lastKnownFileType = wrapper.framework; name = SystemConfiguration.framework; path = System/Library/Frameworks/SystemConfiguration.framework; sourceTree = SDKROOT; };
		DD5D10831538662900B7F0EB /* QuartzCore.framework */ = {isa = PBXFileReference; lastKnownFileType = wrapper.framework; name = QuartzCore.framework; path = System/Library/Frameworks/QuartzCore.framework; sourceTree = SDKROOT; };
		DD5D1085153AFC4800B7F0EB /* DataBase.h */ = {isa = PBXFileReference; fileEncoding = 4; lastKnownFileType = sourcecode.c.h; path = DataBase.h; sourceTree = "<group>"; };
		DD5D1086153AFC4900B7F0EB /* DataBase.m */ = {isa = PBXFileReference; fileEncoding = 4; lastKnownFileType = sourcecode.c.objc; path = DataBase.m; sourceTree = "<group>"; };
		DD5D1088153AFCD500B7F0EB /* libsqlite3.0.dylib */ = {isa = PBXFileReference; lastKnownFileType = "compiled.mach-o.dylib"; name = libsqlite3.0.dylib; path = usr/lib/libsqlite3.0.dylib; sourceTree = SDKROOT; };
		DD5D1091153B89CF00B7F0EB /* FMDatabase.h */ = {isa = PBXFileReference; fileEncoding = 4; lastKnownFileType = sourcecode.c.h; path = FMDatabase.h; sourceTree = "<group>"; };
		DD5D1092153B89CF00B7F0EB /* FMDatabase.m */ = {isa = PBXFileReference; fileEncoding = 4; lastKnownFileType = sourcecode.c.objc; path = FMDatabase.m; sourceTree = "<group>"; };
		DD5D1093153B89CF00B7F0EB /* FMDatabaseAdditions.h */ = {isa = PBXFileReference; fileEncoding = 4; lastKnownFileType = sourcecode.c.h; path = FMDatabaseAdditions.h; sourceTree = "<group>"; };
		DD5D1094153B89CF00B7F0EB /* FMDatabaseAdditions.m */ = {isa = PBXFileReference; fileEncoding = 4; lastKnownFileType = sourcecode.c.objc; path = FMDatabaseAdditions.m; sourceTree = "<group>"; };
		DD5D1095153B89CF00B7F0EB /* FMDatabasePool.h */ = {isa = PBXFileReference; fileEncoding = 4; lastKnownFileType = sourcecode.c.h; path = FMDatabasePool.h; sourceTree = "<group>"; };
		DD5D1096153B89CF00B7F0EB /* FMDatabasePool.m */ = {isa = PBXFileReference; fileEncoding = 4; lastKnownFileType = sourcecode.c.objc; path = FMDatabasePool.m; sourceTree = "<group>"; };
		DD5D1097153B89CF00B7F0EB /* FMDatabaseQueue.h */ = {isa = PBXFileReference; fileEncoding = 4; lastKnownFileType = sourcecode.c.h; path = FMDatabaseQueue.h; sourceTree = "<group>"; };
		DD5D1098153B89CF00B7F0EB /* FMDatabaseQueue.m */ = {isa = PBXFileReference; fileEncoding = 4; lastKnownFileType = sourcecode.c.objc; path = FMDatabaseQueue.m; sourceTree = "<group>"; };
		DD5D109A153B89CF00B7F0EB /* FMResultSet.h */ = {isa = PBXFileReference; fileEncoding = 4; lastKnownFileType = sourcecode.c.h; path = FMResultSet.h; sourceTree = "<group>"; };
		DD5D109B153B89CF00B7F0EB /* FMResultSet.m */ = {isa = PBXFileReference; fileEncoding = 4; lastKnownFileType = sourcecode.c.objc; path = FMResultSet.m; sourceTree = "<group>"; };
		DD5D10A5153B935F00B7F0EB /* verydata.sqlite */ = {isa = PBXFileReference; lastKnownFileType = file; path = verydata.sqlite; sourceTree = "<group>"; };
		DDD272101536DF7100892FDA /* VeryData.app */ = {isa = PBXFileReference; explicitFileType = wrapper.application; includeInIndex = 0; path = VeryData.app; sourceTree = BUILT_PRODUCTS_DIR; };
		DDD272141536DF7100892FDA /* UIKit.framework */ = {isa = PBXFileReference; lastKnownFileType = wrapper.framework; name = UIKit.framework; path = System/Library/Frameworks/UIKit.framework; sourceTree = SDKROOT; };
		DDD272161536DF7100892FDA /* Foundation.framework */ = {isa = PBXFileReference; lastKnownFileType = wrapper.framework; name = Foundation.framework; path = System/Library/Frameworks/Foundation.framework; sourceTree = SDKROOT; };
		DDD272181536DF7100892FDA /* CoreGraphics.framework */ = {isa = PBXFileReference; lastKnownFileType = wrapper.framework; name = CoreGraphics.framework; path = System/Library/Frameworks/CoreGraphics.framework; sourceTree = SDKROOT; };
		DDD2721C1536DF7100892FDA /* VeryData-Info.plist */ = {isa = PBXFileReference; lastKnownFileType = text.plist.xml; path = "VeryData-Info.plist"; sourceTree = "<group>"; };
		DDD2721E1536DF7100892FDA /* en */ = {isa = PBXFileReference; lastKnownFileType = text.plist.strings; name = en; path = en.lproj/InfoPlist.strings; sourceTree = "<group>"; };
		DDD272201536DF7100892FDA /* main.m */ = {isa = PBXFileReference; lastKnownFileType = sourcecode.c.objc; path = main.m; sourceTree = "<group>"; };
		DDD272221536DF7100892FDA /* VeryData-Prefix.pch */ = {isa = PBXFileReference; lastKnownFileType = sourcecode.c.h; path = "VeryData-Prefix.pch"; sourceTree = "<group>"; };
		DDD272231536DF7100892FDA /* AppDelegate.h */ = {isa = PBXFileReference; lastKnownFileType = sourcecode.c.h; path = AppDelegate.h; sourceTree = "<group>"; };
		DDD272241536DF7100892FDA /* AppDelegate.m */ = {isa = PBXFileReference; lastKnownFileType = sourcecode.c.objc; path = AppDelegate.m; sourceTree = "<group>"; };
		DDD272271536DF7100892FDA /* en */ = {isa = PBXFileReference; lastKnownFileType = file.storyboard; name = en; path = en.lproj/MainStoryboard.storyboard; sourceTree = "<group>"; };
		DDD272291536DF7100892FDA /* MasterViewController.h */ = {isa = PBXFileReference; lastKnownFileType = sourcecode.c.h; path = MasterViewController.h; sourceTree = "<group>"; };
		DDD2722A1536DF7100892FDA /* MasterViewController.m */ = {isa = PBXFileReference; lastKnownFileType = sourcecode.c.objc; path = MasterViewController.m; sourceTree = "<group>"; };
		DDD2722C1536DF7100892FDA /* OrderViewController.h */ = {isa = PBXFileReference; lastKnownFileType = sourcecode.c.h; path = OrderViewController.h; sourceTree = "<group>"; };
		DDD2722D1536DF7100892FDA /* OrderViewController.m */ = {isa = PBXFileReference; lastKnownFileType = sourcecode.c.objc; path = OrderViewController.m; sourceTree = "<group>"; };
/* End PBXFileReference section */

/* Begin PBXFrameworksBuildPhase section */
		DDD2720D1536DF7100892FDA /* Frameworks */ = {
			isa = PBXFrameworksBuildPhase;
			buildActionMask = 2147483647;
			files = (
				DD5D1089153AFCD500B7F0EB /* libsqlite3.0.dylib in Frameworks */,
				DD5D10841538662900B7F0EB /* QuartzCore.framework in Frameworks */,
				DD5D10811538660000B7F0EB /* SystemConfiguration.framework in Frameworks */,
				DDD272151536DF7100892FDA /* UIKit.framework in Frameworks */,
				DDD272171536DF7100892FDA /* Foundation.framework in Frameworks */,
				DDD272191536DF7100892FDA /* CoreGraphics.framework in Frameworks */,
			);
			runOnlyForDeploymentPostprocessing = 0;
		};
/* End PBXFrameworksBuildPhase section */

/* Begin PBXGroup section */
		DD301573153C53F500290164 /* cell */ = {
			isa = PBXGroup;
			children = (
				DD301587153D35D700290164 /* EditController.h */,
				DD301588153D35D900290164 /* EditController.m */,
				DD301589153D35DC00290164 /* EditController.xib */,
				DD301576153C542E00290164 /* TradeCell.h */,
				DD301577153C542E00290164 /* TradeCell.m */,
				DD301574153C53F500290164 /* TradeCell.xib */,
				DD301579153C5D2400290164 /* OrderCell.h */,
				DD30157A153C5D2400290164 /* OrderCell.m */,
				DD30157C153C5D3700290164 /* OrderCell.xib */,
				DD30157E153C637200290164 /* ItemCell.xib */,
				DD301580153C638D00290164 /* ItemCell.h */,
				DD301581153C638D00290164 /* ItemCell.m */,
			);
			name = cell;
			path = VeryData/cell;
			sourceTree = SOURCE_ROOT;
		};
		DD301583153CF9D700290164 /* res */ = {
			isa = PBXGroup;
			children = (
			);
			path = res;
			sourceTree = "<group>";
		};
		DD5D10601537DA1700B7F0EB /* data */ = {
			isa = PBXGroup;
			children = (
				DD5D10A5153B935F00B7F0EB /* verydata.sqlite */,
				DD5D10611537DA1800B7F0EB /* Constants.h */,
				DD5D10621537DA1800B7F0EB /* TopData.h */,
				DD5D10631537DA1800B7F0EB /* TopData.m */,
				DD5D10641537DA1800B7F0EB /* Utility.h */,
				DD5D10651537DA1800B7F0EB /* Utility.m */,
				DD5D1085153AFC4800B7F0EB /* DataBase.h */,
				DD5D1086153AFC4900B7F0EB /* DataBase.m */,
				DD5D10681537DA8100B7F0EB /* TopItemModel.h */,
				DD5D10691537DA8100B7F0EB /* TopItemModel.m */,
				DD5D106E1537DAB300B7F0EB /* TopOrderModel.h */,
				DD5D106F1537DAB300B7F0EB /* TopOrderModel.m */,
				DD5D106B1537DA9C00B7F0EB /* TopTradeModel.h */,
				DD5D106C1537DA9C00B7F0EB /* TopTradeModel.m */,
				DD301568153BC5E800290164 /* AppConstant.h */,
				DD301569153BC5E800290164 /* AppConstant.m */,
			);
			path = data;
			sourceTree = "<group>";
		};
		DD5D108E153B89CE00B7F0EB /* lib */ = {
			isa = PBXGroup;
			children = (
				DD301573153C53F500290164 /* cell */,
				DD5D1090153B89CF00B7F0EB /* fmdb */,
			);
			path = lib;
			sourceTree = "<group>";
		};
		DD5D1090153B89CF00B7F0EB /* fmdb */ = {
			isa = PBXGroup;
			children = (
				DD5D1091153B89CF00B7F0EB /* FMDatabase.h */,
				DD5D1092153B89CF00B7F0EB /* FMDatabase.m */,
				DD5D1093153B89CF00B7F0EB /* FMDatabaseAdditions.h */,
				DD5D1094153B89CF00B7F0EB /* FMDatabaseAdditions.m */,
				DD5D1095153B89CF00B7F0EB /* FMDatabasePool.h */,
				DD5D1096153B89CF00B7F0EB /* FMDatabasePool.m */,
				DD5D1097153B89CF00B7F0EB /* FMDatabaseQueue.h */,
				DD5D1098153B89CF00B7F0EB /* FMDatabaseQueue.m */,
				DD5D109A153B89CF00B7F0EB /* FMResultSet.h */,
				DD5D109B153B89CF00B7F0EB /* FMResultSet.m */,
			);
			path = fmdb;
			sourceTree = "<group>";
		};
		DDD272051536DF7000892FDA = {
			isa = PBXGroup;
			children = (
				DDD2721A1536DF7100892FDA /* VeryData */,
				DDD272131536DF7100892FDA /* Frameworks */,
				DDD272111536DF7100892FDA /* Products */,
			);
			sourceTree = "<group>";
		};
		DDD272111536DF7100892FDA /* Products */ = {
			isa = PBXGroup;
			children = (
				DDD272101536DF7100892FDA /* VeryData.app */,
			);
			name = Products;
			sourceTree = "<group>";
		};
		DDD272131536DF7100892FDA /* Frameworks */ = {
			isa = PBXGroup;
			children = (
				DD5D1088153AFCD500B7F0EB /* libsqlite3.0.dylib */,
				DD5D10831538662900B7F0EB /* QuartzCore.framework */,
				DD5D10801538660000B7F0EB /* SystemConfiguration.framework */,
				DDD272141536DF7100892FDA /* UIKit.framework */,
				DDD272161536DF7100892FDA /* Foundation.framework */,
				DDD272181536DF7100892FDA /* CoreGraphics.framework */,
			);
			name = Frameworks;
			sourceTree = "<group>";
		};
		DDD2721A1536DF7100892FDA /* VeryData */ = {
			isa = PBXGroup;
			children = (
				DD5D108E153B89CE00B7F0EB /* lib */,
				DDD272231536DF7100892FDA /* AppDelegate.h */,
				DDD272241536DF7100892FDA /* AppDelegate.m */,
				DD301584153D0C2800290164 /* DateHelper.h */,
				DD301585153D0C2A00290164 /* DateHelper.m */,
				DD5D10751538599800B7F0EB /* TopSessionController.h */,
				DD5D10761538599900B7F0EB /* TopSessionController.m */,
				DDD272261536DF7100892FDA /* MainStoryboard.storyboard */,
				DD301583153CF9D700290164 /* res */,
				DD5D105D1537C5A800B7F0EB /* DateSelController.h */,
				DD5D105E1537C5A900B7F0EB /* DateSelController.m */,
				DDD272291536DF7100892FDA /* MasterViewController.h */,
				DDD2722A1536DF7100892FDA /* MasterViewController.m */,
				DD5D10601537DA1700B7F0EB /* data */,
				DDD2722C1536DF7100892FDA /* OrderViewController.h */,
				DDD2722D1536DF7100892FDA /* OrderViewController.m */,
				DD5D1036153726CF00B7F0EB /* DetailViewController.h */,
				DD5D1037153726CF00B7F0EB /* DetailViewController.m */,
				DD5D102B1537100E00B7F0EB /* ClothViewController.h */,
				DD5D102C1537100E00B7F0EB /* ClothViewController.m */,
				DDD2721B1536DF7100892FDA /* Supporting Files */,
			);
			path = VeryData;
			sourceTree = "<group>";
		};
		DDD2721B1536DF7100892FDA /* Supporting Files */ = {
			isa = PBXGroup;
			children = (
				DDD2721C1536DF7100892FDA /* VeryData-Info.plist */,
				DDD2721D1536DF7100892FDA /* InfoPlist.strings */,
				DDD272201536DF7100892FDA /* main.m */,
				DDD272221536DF7100892FDA /* VeryData-Prefix.pch */,
			);
			name = "Supporting Files";
			sourceTree = "<group>";
		};
/* End PBXGroup section */

/* Begin PBXNativeTarget section */
		DDD2720F1536DF7100892FDA /* VeryData */ = {
			isa = PBXNativeTarget;
			buildConfigurationList = DDD272311536DF7100892FDA /* Build configuration list for PBXNativeTarget "VeryData" */;
			buildPhases = (
				DDD2720C1536DF7100892FDA /* Sources */,
				DDD2720D1536DF7100892FDA /* Frameworks */,
				DDD2720E1536DF7100892FDA /* Resources */,
			);
			buildRules = (
			);
			dependencies = (
			);
			name = VeryData;
			productName = VeryData;
			productReference = DDD272101536DF7100892FDA /* VeryData.app */;
			productType = "com.apple.product-type.application";
		};
/* End PBXNativeTarget section */

/* Begin PBXProject section */
		DDD272071536DF7000892FDA /* Project object */ = {
			isa = PBXProject;
			attributes = {
				LastUpgradeCheck = 0430;
			};
			buildConfigurationList = DDD2720A1536DF7000892FDA /* Build configuration list for PBXProject "VeryData" */;
			compatibilityVersion = "Xcode 3.2";
			developmentRegion = English;
			hasScannedForEncodings = 0;
			knownRegions = (
				en,
			);
			mainGroup = DDD272051536DF7000892FDA;
			productRefGroup = DDD272111536DF7100892FDA /* Products */;
			projectDirPath = "";
			projectRoot = "";
			targets = (
				DDD2720F1536DF7100892FDA /* VeryData */,
			);
		};
/* End PBXProject section */

/* Begin PBXResourcesBuildPhase section */
		DDD2720E1536DF7100892FDA /* Resources */ = {
			isa = PBXResourcesBuildPhase;
			buildActionMask = 2147483647;
			files = (
				DDD2721F1536DF7100892FDA /* InfoPlist.strings in Resources */,
				DDD272281536DF7100892FDA /* MainStoryboard.storyboard in Resources */,
				DD5D10A6153B936000B7F0EB /* verydata.sqlite in Resources */,
				DD301575153C53F500290164 /* TradeCell.xib in Resources */,
				DD30157D153C5D3700290164 /* OrderCell.xib in Resources */,
				DD30157F153C637300290164 /* ItemCell.xib in Resources */,
				DD30158B153D35DF00290164 /* EditController.xib in Resources */,
			);
			runOnlyForDeploymentPostprocessing = 0;
		};
/* End PBXResourcesBuildPhase section */

/* Begin PBXSourcesBuildPhase section */
		DDD2720C1536DF7100892FDA /* Sources */ = {
			isa = PBXSourcesBuildPhase;
			buildActionMask = 2147483647;
			files = (
				DDD272211536DF7100892FDA /* main.m in Sources */,
				DDD272251536DF7100892FDA /* AppDelegate.m in Sources */,
				DDD2722B1536DF7100892FDA /* MasterViewController.m in Sources */,
				DDD2722E1536DF7100892FDA /* OrderViewController.m in Sources */,
				DD5D102D1537100F00B7F0EB /* ClothViewController.m in Sources */,
				DD5D1038153726CF00B7F0EB /* DetailViewController.m in Sources */,
				DD5D105F1537C5A900B7F0EB /* DateSelController.m in Sources */,
				DD5D10661537DA1800B7F0EB /* TopData.m in Sources */,
				DD5D10671537DA1800B7F0EB /* Utility.m in Sources */,
				DD5D106A1537DA8100B7F0EB /* TopItemModel.m in Sources */,
				DD5D106D1537DA9C00B7F0EB /* TopTradeModel.m in Sources */,
				DD5D10701537DAB300B7F0EB /* TopOrderModel.m in Sources */,
				DD5D10771538599A00B7F0EB /* TopSessionController.m in Sources */,
				DD5D1087153AFC4A00B7F0EB /* DataBase.m in Sources */,
				DD5D109E153B89CF00B7F0EB /* FMDatabase.m in Sources */,
				DD5D109F153B89CF00B7F0EB /* FMDatabaseAdditions.m in Sources */,
				DD5D10A0153B89CF00B7F0EB /* FMDatabasePool.m in Sources */,
				DD5D10A1153B89CF00B7F0EB /* FMDatabaseQueue.m in Sources */,
				DD5D10A3153B89CF00B7F0EB /* FMResultSet.m in Sources */,
				DD30156A153BC5E800290164 /* AppConstant.m in Sources */,
				DD301578153C542E00290164 /* TradeCell.m in Sources */,
				DD30157B153C5D2400290164 /* OrderCell.m in Sources */,
				DD301582153C638E00290164 /* ItemCell.m in Sources */,
				DD301586153D0C2C00290164 /* DateHelper.m in Sources */,
				DD30158A153D35DF00290164 /* EditController.m in Sources */,
			);
			runOnlyForDeploymentPostprocessing = 0;
		};
/* End PBXSourcesBuildPhase section */

/* Begin PBXVariantGroup section */
		DDD2721D1536DF7100892FDA /* InfoPlist.strings */ = {
			isa = PBXVariantGroup;
			children = (
				DDD2721E1536DF7100892FDA /* en */,
			);
			name = InfoPlist.strings;
			sourceTree = "<group>";
		};
		DDD272261536DF7100892FDA /* MainStoryboard.storyboard */ = {
			isa = PBXVariantGroup;
			children = (
				DDD272271536DF7100892FDA /* en */,
			);
			name = MainStoryboard.storyboard;
			sourceTree = "<group>";
		};
/* End PBXVariantGroup section */

/* Begin XCBuildConfiguration section */
		DDD2722F1536DF7100892FDA /* Debug */ = {
			isa = XCBuildConfiguration;
			buildSettings = {
				ALWAYS_SEARCH_USER_PATHS = NO;
				ARCHS = "$(ARCHS_STANDARD_32_BIT)";
				CLANG_ENABLE_OBJC_ARC = YES;
				"CODE_SIGN_IDENTITY[sdk=iphoneos*]" = "iPhone Developer";
				COPY_PHASE_STRIP = NO;
				GCC_C_LANGUAGE_STANDARD = gnu99;
				GCC_DYNAMIC_NO_PIC = NO;
				GCC_OPTIMIZATION_LEVEL = 0;
				GCC_PREPROCESSOR_DEFINITIONS = (
					"DEBUG=1",
					"$(inherited)",
				);
				GCC_SYMBOLS_PRIVATE_EXTERN = NO;
				GCC_VERSION = com.apple.compilers.llvm.clang.1_0;
				GCC_WARN_ABOUT_MISSING_PROTOTYPES = YES;
				GCC_WARN_ABOUT_RETURN_TYPE = YES;
				GCC_WARN_UNUSED_VARIABLE = YES;
				IPHONEOS_DEPLOYMENT_TARGET = 5.0;
				SDKROOT = iphoneos;
				TARGETED_DEVICE_FAMILY = 2;
			};
			name = Debug;
		};
		DDD272301536DF7100892FDA /* Release */ = {
			isa = XCBuildConfiguration;
			buildSettings = {
				ALWAYS_SEARCH_USER_PATHS = NO;
				ARCHS = "$(ARCHS_STANDARD_32_BIT)";
				CLANG_ENABLE_OBJC_ARC = YES;
				"CODE_SIGN_IDENTITY[sdk=iphoneos*]" = "iPhone Developer";
				COPY_PHASE_STRIP = YES;
				GCC_C_LANGUAGE_STANDARD = gnu99;
				GCC_VERSION = com.apple.compilers.llvm.clang.1_0;
				GCC_WARN_ABOUT_MISSING_PROTOTYPES = YES;
				GCC_WARN_ABOUT_RETURN_TYPE = YES;
				GCC_WARN_UNUSED_VARIABLE = YES;
				IPHONEOS_DEPLOYMENT_TARGET = 5.0;
				OTHER_CFLAGS = "-DNS_BLOCK_ASSERTIONS=1";
				SDKROOT = iphoneos;
				TARGETED_DEVICE_FAMILY = 2;
				VALIDATE_PRODUCT = YES;
			};
			name = Release;
		};
		DDD272321536DF7100892FDA /* Debug */ = {
			isa = XCBuildConfiguration;
			buildSettings = {
				GCC_PRECOMPILE_PREFIX_HEADER = YES;
				GCC_PREFIX_HEADER = "VeryData/VeryData-Prefix.pch";
				INFOPLIST_FILE = "VeryData/VeryData-Info.plist";
				PRODUCT_NAME = "$(TARGET_NAME)";
				WRAPPER_EXTENSION = app;
			};
			name = Debug;
		};
		DDD272331536DF7100892FDA /* Release */ = {
			isa = XCBuildConfiguration;
			buildSettings = {
				GCC_PRECOMPILE_PREFIX_HEADER = YES;
				GCC_PREFIX_HEADER = "VeryData/VeryData-Prefix.pch";
				INFOPLIST_FILE = "VeryData/VeryData-Info.plist";
				PRODUCT_NAME = "$(TARGET_NAME)";
				WRAPPER_EXTENSION = app;
			};
			name = Release;
		};
/* End XCBuildConfiguration section */

/* Begin XCConfigurationList section */
		DDD2720A1536DF7000892FDA /* Build configuration list for PBXProject "VeryData" */ = {
			isa = XCConfigurationList;
			buildConfigurations = (
				DDD2722F1536DF7100892FDA /* Debug */,
				DDD272301536DF7100892FDA /* Release */,
			);
			defaultConfigurationIsVisible = 0;
			defaultConfigurationName = Release;
		};
		DDD272311536DF7100892FDA /* Build configuration list for PBXNativeTarget "VeryData" */ = {
			isa = XCConfigurationList;
			buildConfigurations = (
				DDD272321536DF7100892FDA /* Debug */,
				DDD272331536DF7100892FDA /* Release */,
			);
			defaultConfigurationIsVisible = 0;
			defaultConfigurationName = Release;
		};
/* End XCConfigurationList section */
	};
	rootObject = DDD272071536DF7000892FDA /* Project object */;
}
